
Microsoft Visual Studio Solution File, Format Version 12.00
# Visual Studio 15
VisualStudioVersion = 15.0.27428.2011
MinimumVisualStudioVersion = 10.0.40219.1
Project("{FAE04EC0-301F-11D3-BF4B-00C04F79EFBC}") = "SwitchConverter.Android", "SwitchConverter\SwitchConverter.Android\SwitchConverter.Android.csproj", "{91CB0FC6-89CC-4AFB-A0C5-8972C3619FC9}"
EndProject
Project("{FAE04EC0-301F-11D3-BF4B-00C04F79EFBC}") = "SwitchConverter.iOS", "SwitchConverter\SwitchConverter.iOS\SwitchConverter.iOS.csproj", "{D7BD21EF-A28E-4A8C-91A1-799C6B2F8A94}"
EndProject
Project("{FAE04EC0-301F-11D3-BF4B-00C04F79EFBC}") = "SwitchConverter.UWP", "SwitchConverter\SwitchConverter.UWP\SwitchConverter.UWP.csproj", "{10EA0034-1E15-47E6-85E6-590A940233A6}"
EndProject
Project("{FAE04EC0-301F-11D3-BF4B-00C04F79EFBC}") = "SwitchConverter", "SwitchConverter\SwitchConverter\SwitchConverter.csproj", "{88416347-8D16-414C-8F60-3566CA2D1ADB}"
EndProject
Global
	GlobalSection(SolutionConfigurationPlatforms) = preSolution
		Ad-Hoc|Any CPU = Ad-Hoc|Any CPU
		Ad-Hoc|ARM = Ad-Hoc|ARM
		Ad-Hoc|iPhone = Ad-Hoc|iPhone
		Ad-Hoc|iPhoneSimulator = Ad-Hoc|iPhoneSimulator
		Ad-Hoc|x64 = Ad-Hoc|x64
		Ad-Hoc|x86 = Ad-Hoc|x86
		AppStore|Any CPU = AppStore|Any CPU
		AppStore|ARM = AppStore|ARM
		AppStore|iPhone = AppStore|iPhone
		AppStore|iPhoneSimulator = AppStore|iPhoneSimulator
		AppStore|x64 = AppStore|x64
		AppStore|x86 = AppStore|x86
		Debug|Any CPU = Debug|Any CPU
		Debug|ARM = Debug|ARM
		Debug|iPhone = Debug|iPhone
		Debug|iPhoneSimulator = Debug|iPhoneSimulator
		Debug|x64 = Debug|x64
		Debug|x86 = Debug|x86
		Release|Any CPU = Release|Any CPU
		Release|ARM = Release|ARM
		Release|iPhone = Release|iPhone
		Release|iPhoneSimulator = Release|iPhoneSimulator
		Release|x64 = Release|x64
		Release|x86 = Release|x86
	EndGlobalSection
	GlobalSection(ProjectConfigurationPlatforms) = postSolution
		{91CB0FC6-89CC-4AFB-A0C5-8972C3619FC9}.Ad-Hoc|Any CPU.ActiveCfg = Release|Any CPU
		{91CB0FC6-89CC-4AFB-A0C5-8972C3619FC9}.Ad-Hoc|Any CPU.Build.0 = Release|Any CPU
		{91CB0FC6-89CC-4AFB-A0C5-8972C3619FC9}.Ad-Hoc|Any CPU.Deploy.0 = Release|Any CPU
		{91CB0FC6-89CC-4AFB-A0C5-8972C3619FC9}.Ad-Hoc|ARM.ActiveCfg = Release|Any CPU
		{91CB0FC6-89CC-4AFB-A0C5-8972C3619FC9}.Ad-Hoc|ARM.Build.0 = Release|Any CPU
		{91CB0FC6-89CC-4AFB-A0C5-8972C3619FC9}.Ad-Hoc|ARM.Deploy.0 = Release|Any CPU
		{91CB0FC6-89CC-4AFB-A0C5-8972C3619FC9}.Ad-Hoc|iPhone.ActiveCfg = Release|Any CPU
		{91CB0FC6-89CC-4AFB-A0C5-8972C3619FC9}.Ad-Hoc|iPhone.Build.0 = Release|Any CPU
		{91CB0FC6-89CC-4AFB-A0C5-8972C3619FC9}.Ad-Hoc|iPhone.Deploy.0 = Release|Any CPU
		{91CB0FC6-89CC-4AFB-A0C5-8972C3619FC9}.Ad-Hoc|iPhoneSimulator.ActiveCfg = Release|Any CPU
		{91CB0FC6-89CC-4AFB-A0C5-8972C3619FC9}.Ad-Hoc|iPhoneSimulator.Build.0 = Release|Any CPU
		{91CB0FC6-89CC-4AFB-A0C5-8972C3619FC9}.Ad-Hoc|iPhoneSimulator.Deploy.0 = Release|Any CPU
		{91CB0FC6-89CC-4AFB-A0C5-8972C3619FC9}.Ad-Hoc|x64.ActiveCfg = Release|Any CPU
		{91CB0FC6-89CC-4AFB-A0C5-8972C3619FC9}.Ad-Hoc|x64.Build.0 = Release|Any CPU
		{91CB0FC6-89CC-4AFB-A0C5-8972C3619FC9}.Ad-Hoc|x64.Deploy.0 = Release|Any CPU
		{91CB0FC6-89CC-4AFB-A0C5-8972C3619FC9}.Ad-Hoc|x86.ActiveCfg = Release|Any CPU
		{91CB0FC6-89CC-4AFB-A0C5-8972C3619FC9}.Ad-Hoc|x86.Build.0 = Release|Any CPU
		{91CB0FC6-89CC-4AFB-A0C5-8972C3619FC9}.Ad-Hoc|x86.Deploy.0 = Release|Any CPU
		{91CB0FC6-89CC-4AFB-A0C5-8972C3619FC9}.AppStore|Any CPU.ActiveCfg = Release|Any CPU
		{91CB0FC6-89CC-4AFB-A0C5-8972C3619FC9}.AppStore|Any CPU.Build.0 = Release|Any CPU
		{91CB0FC6-89CC-4AFB-A0C5-8972C3619FC9}.AppStore|Any CPU.Deploy.0 = Release|Any CPU
		{91CB0FC6-89CC-4AFB-A0C5-8972C3619FC9}.AppStore|ARM.ActiveCfg = Release|Any CPU
		{91CB0FC6-89CC-4AFB-A0C5-8972C3619FC9}.AppStore|ARM.Build.0 = Release|Any CPU
		{91CB0FC6-89CC-4AFB-A0C5-8972C3619FC9}.AppStore|ARM.Deploy.0 = Release|Any CPU
		{91CB0FC6-89CC-4AFB-A0C5-8972C3619FC9}.AppStore|iPhone.ActiveCfg = Release|Any CPU
		{91CB0FC6-89CC-4AFB-A0C5-8972C3619FC9}.AppStore|iPhone.Build.0 = Release|Any CPU
		{91CB0FC6-89CC-4AFB-A0C5-8972C3619FC9}.AppStore|iPhone.Deploy.0 = Release|Any CPU
		{91CB0FC6-89CC-4AFB-A0C5-8972C3619FC9}.AppStore|iPhoneSimulator.ActiveCfg = Release|Any CPU
		{91CB0FC6-89CC-4AFB-A0C5-8972C3619FC9}.AppStore|iPhoneSimulator.Build.0 = Release|Any CPU
		{91CB0FC6-89CC-4AFB-A0C5-8972C3619FC9}.AppStore|iPhoneSimulator.Deploy.0 = Release|Any CPU
		{91CB0FC6-89CC-4AFB-A0C5-8972C3619FC9}.AppStore|x64.ActiveCfg = Release|Any CPU
		{91CB0FC6-89CC-4AFB-A0C5-8972C3619FC9}.AppStore|x64.Build.0 = Release|Any CPU
		{91CB0FC6-89CC-4AFB-A0C5-8972C3619FC9}.AppStore|x64.Deploy.0 = Release|Any CPU
		{91CB0FC6-89CC-4AFB-A0C5-8972C3619FC9}.AppStore|x86.ActiveCfg = Release|Any CPU
		{91CB0FC6-89CC-4AFB-A0C5-8972C3619FC9}.AppStore|x86.Build.0 = Release|Any CPU
		{91CB0FC6-89CC-4AFB-A0C5-8972C3619FC9}.AppStore|x86.Deploy.0 = Release|Any CPU
		{91CB0FC6-89CC-4AFB-A0C5-8972C3619FC9}.Debug|Any CPU.ActiveCfg = Debug|Any CPU
		{91CB0FC6-89CC-4AFB-A0C5-8972C3619FC9}.Debug|Any CPU.Build.0 = Debug|Any CPU
		{91CB0FC6-89CC-4AFB-A0C5-8972C3619FC9}.Debug|Any CPU.Deploy.0 = Debug|Any CPU
		{91CB0FC6-89CC-4AFB-A0C5-8972C3619FC9}.Debug|ARM.ActiveCfg = Debug|Any CPU
		{91CB0FC6-89CC-4AFB-A0C5-8972C3619FC9}.Debug|ARM.Build.0 = Debug|Any CPU
		{91CB0FC6-89CC-4AFB-A0C5-8972C3619FC9}.Debug|ARM.Deploy.0 = Debug|Any CPU
		{91CB0FC6-89CC-4AFB-A0C5-8972C3619FC9}.Debug|iPhone.ActiveCfg = Debug|Any CPU
		{91CB0FC6-89CC-4AFB-A0C5-8972C3619FC9}.Debug|iPhone.Build.0 = Debug|Any CPU
		{91CB0FC6-89CC-4AFB-A0C5-8972C3619FC9}.Debug|iPhone.Deploy.0 = Debug|Any CPU
		{91CB0FC6-89CC-4AFB-A0C5-8972C3619FC9}.Debug|iPhoneSimulator.ActiveCfg = Debug|Any CPU
		{91CB0FC6-89CC-4AFB-A0C5-8972C3619FC9}.Debug|iPhoneSimulator.Build.0 = Debug|Any CPU
		{91CB0FC6-89CC-4AFB-A0C5-8972C3619FC9}.Debug|iPhoneSimulator.Deploy.0 = Debug|Any CPU
		{91CB0FC6-89CC-4AFB-A0C5-8972C3619FC9}.Debug|x64.ActiveCfg = Debug|Any CPU
		{91CB0FC6-89CC-4AFB-A0C5-8972C3619FC9}.Debug|x64.Build.0 = Debug|Any CPU
		{91CB0FC6-89CC-4AFB-A0C5-8972C3619FC9}.Debug|x64.Deploy.0 = Debug|Any CPU
		{91CB0FC6-89CC-4AFB-A0C5-8972C3619FC9}.Debug|x86.ActiveCfg = Debug|Any CPU
		{91CB0FC6-89CC-4AFB-A0C5-8972C3619FC9}.Debug|x86.Build.0 = Debug|Any CPU
		{91CB0FC6-89CC-4AFB-A0C5-8972C3619FC9}.Debug|x86.Deploy.0 = Debug|Any CPU
		{91CB0FC6-89CC-4AFB-A0C5-8972C3619FC9}.Release|Any CPU.ActiveCfg = Release|Any CPU
		{91CB0FC6-89CC-4AFB-A0C5-8972C3619FC9}.Release|Any CPU.Build.0 = Release|Any CPU
		{91CB0FC6-89CC-4AFB-A0C5-8972C3619FC9}.Release|Any CPU.Deploy.0 = Release|Any CPU
		{91CB0FC6-89CC-4AFB-A0C5-8972C3619FC9}.Release|ARM.ActiveCfg = Release|Any CPU
		{91CB0FC6-89CC-4AFB-A0C5-8972C3619FC9}.Release|ARM.Build.0 = Release|Any CPU
		{91CB0FC6-89CC-4AFB-A0C5-8972C3619FC9}.Release|ARM.Deploy.0 = Release|Any CPU
		{91CB0FC6-89CC-4AFB-A0C5-8972C3619FC9}.Release|iPhone.ActiveCfg = Release|Any CPU
		{91CB0FC6-89CC-4AFB-A0C5-8972C3619FC9}.Release|iPhone.Build.0 = Release|Any CPU
		{91CB0FC6-89CC-4AFB-A0C5-8972C3619FC9}.Release|iPhone.Deploy.0 = Release|Any CPU
		{91CB0FC6-89CC-4AFB-A0C5-8972C3619FC9}.Release|iPhoneSimulator.ActiveCfg = Release|Any CPU
		{91CB0FC6-89CC-4AFB-A0C5-8972C3619FC9}.Release|iPhoneSimulator.Build.0 = Release|Any CPU
		{91CB0FC6-89CC-4AFB-A0C5-8972C3619FC9}.Release|iPhoneSimulator.Deploy.0 = Release|Any CPU
		{91CB0FC6-89CC-4AFB-A0C5-8972C3619FC9}.Release|x64.ActiveCfg = Release|Any CPU
		{91CB0FC6-89CC-4AFB-A0C5-8972C3619FC9}.Release|x64.Build.0 = Release|Any CPU
		{91CB0FC6-89CC-4AFB-A0C5-8972C3619FC9}.Release|x64.Deploy.0 = Release|Any CPU
		{91CB0FC6-89CC-4AFB-A0C5-8972C3619FC9}.Release|x86.ActiveCfg = Release|Any CPU
		{91CB0FC6-89CC-4AFB-A0C5-8972C3619FC9}.Release|x86.Build.0 = Release|Any CPU
		{91CB0FC6-89CC-4AFB-A0C5-8972C3619FC9}.Release|x86.Deploy.0 = Release|Any CPU
		{D7BD21EF-A28E-4A8C-91A1-799C6B2F8A94}.Ad-Hoc|Any CPU.ActiveCfg = Ad-Hoc|iPhone
		{D7BD21EF-A28E-4A8C-91A1-799C6B2F8A94}.Ad-Hoc|ARM.ActiveCfg = Ad-Hoc|iPhone
		{D7BD21EF-A28E-4A8C-91A1-799C6B2F8A94}.Ad-Hoc|iPhone.ActiveCfg = Ad-Hoc|iPhone
		{D7BD21EF-A28E-4A8C-91A1-799C6B2F8A94}.Ad-Hoc|iPhone.Build.0 = Ad-Hoc|iPhone
		{D7BD21EF-A28E-4A8C-91A1-799C6B2F8A94}.Ad-Hoc|iPhoneSimulator.ActiveCfg = Ad-Hoc|iPhoneSimulator
		{D7BD21EF-A28E-4A8C-91A1-799C6B2F8A94}.Ad-Hoc|iPhoneSimulator.Build.0 = Ad-Hoc|iPhoneSimulator
		{D7BD21EF-A28E-4A8C-91A1-799C6B2F8A94}.Ad-Hoc|x64.ActiveCfg = Ad-Hoc|iPhone
		{D7BD21EF-A28E-4A8C-91A1-799C6B2F8A94}.Ad-Hoc|x86.ActiveCfg = Ad-Hoc|iPhone
		{D7BD21EF-A28E-4A8C-91A1-799C6B2F8A94}.AppStore|Any CPU.ActiveCfg = AppStore|iPhone
		{D7BD21EF-A28E-4A8C-91A1-799C6B2F8A94}.AppStore|ARM.ActiveCfg = AppStore|iPhone
		{D7BD21EF-A28E-4A8C-91A1-799C6B2F8A94}.AppStore|iPhone.ActiveCfg = AppStore|iPhone
		{D7BD21EF-A28E-4A8C-91A1-799C6B2F8A94}.AppStore|iPhone.Build.0 = AppStore|iPhone
		{D7BD21EF-A28E-4A8C-91A1-799C6B2F8A94}.AppStore|iPhoneSimulator.ActiveCfg = AppStore|iPhoneSimulator
		{D7BD21EF-A28E-4A8C-91A1-799C6B2F8A94}.AppStore|iPhoneSimulator.Build.0 = AppStore|iPhoneSimulator
		{D7BD21EF-A28E-4A8C-91A1-799C6B2F8A94}.AppStore|x64.ActiveCfg = AppStore|iPhone
		{D7BD21EF-A28E-4A8C-91A1-799C6B2F8A94}.AppStore|x86.ActiveCfg = AppStore|iPhone
		{D7BD21EF-A28E-4A8C-91A1-799C6B2F8A94}.Debug|Any CPU.ActiveCfg = Debug|iPhone
		{D7BD21EF-A28E-4A8C-91A1-799C6B2F8A94}.Debug|ARM.ActiveCfg = Debug|iPhone
		{D7BD21EF-A28E-4A8C-91A1-799C6B2F8A94}.Debug|iPhone.ActiveCfg = Debug|iPhone
		{D7BD21EF-A28E-4A8C-91A1-799C6B2F8A94}.Debug|iPhone.Build.0 = Debug|iPhone
		{D7BD21EF-A28E-4A8C-91A1-799C6B2F8A94}.Debug|iPhoneSimulator.ActiveCfg = Debug|iPhoneSimulator
		{D7BD21EF-A28E-4A8C-91A1-799C6B2F8A94}.Debug|iPhoneSimulator.Build.0 = Debug|iPhoneSimulator
		{D7BD21EF-A28E-4A8C-91A1-799C6B2F8A94}.Debug|x64.ActiveCfg = Debug|iPhone
		{D7BD21EF-A28E-4A8C-91A1-799C6B2F8A94}.Debug|x86.ActiveCfg = Debug|iPhone
		{D7BD21EF-A28E-4A8C-91A1-799C6B2F8A94}.Release|Any CPU.ActiveCfg = Release|iPhone
		{D7BD21EF-A28E-4A8C-91A1-799C6B2F8A94}.Release|ARM.ActiveCfg = Release|iPhone
		{D7BD21EF-A28E-4A8C-91A1-799C6B2F8A94}.Release|iPhone.ActiveCfg = Release|iPhone
		{D7BD21EF-A28E-4A8C-91A1-799C6B2F8A94}.Release|iPhone.Build.0 = Release|iPhone
		{D7BD21EF-A28E-4A8C-91A1-799C6B2F8A94}.Release|iPhoneSimulator.ActiveCfg = Release|iPhoneSimulator
		{D7BD21EF-A28E-4A8C-91A1-799C6B2F8A94}.Release|iPhoneSimulator.Build.0 = Release|iPhoneSimulator
		{D7BD21EF-A28E-4A8C-91A1-799C6B2F8A94}.Release|x64.ActiveCfg = Release|iPhone
		{D7BD21EF-A28E-4A8C-91A1-799C6B2F8A94}.Release|x86.ActiveCfg = Release|iPhone
		{10EA0034-1E15-47E6-85E6-590A940233A6}.Ad-Hoc|Any CPU.ActiveCfg = Release|x86
		{10EA0034-1E15-47E6-85E6-590A940233A6}.Ad-Hoc|Any CPU.Build.0 = Release|x86
		{10EA0034-1E15-47E6-85E6-590A940233A6}.Ad-Hoc|Any CPU.Deploy.0 = Release|x86
		{10EA0034-1E15-47E6-85E6-590A940233A6}.Ad-Hoc|ARM.ActiveCfg = Release|ARM
		{10EA0034-1E15-47E6-85E6-590A940233A6}.Ad-Hoc|ARM.Build.0 = Release|ARM
		{10EA0034-1E15-47E6-85E6-590A940233A6}.Ad-Hoc|ARM.Deploy.0 = Release|ARM
		{10EA0034-1E15-47E6-85E6-590A940233A6}.Ad-Hoc|iPhone.ActiveCfg = Release|x86
		{10EA0034-1E15-47E6-85E6-590A940233A6}.Ad-Hoc|iPhone.Build.0 = Release|x86
		{10EA0034-1E15-47E6-85E6-590A940233A6}.Ad-Hoc|iPhone.Deploy.0 = Release|x86
		{10EA0034-1E15-47E6-85E6-590A940233A6}.Ad-Hoc|iPhoneSimulator.ActiveCfg = Release|x86
		{10EA0034-1E15-47E6-85E6-590A940233A6}.Ad-Hoc|iPhoneSimulator.Build.0 = Release|x86
		{10EA0034-1E15-47E6-85E6-590A940233A6}.Ad-Hoc|iPhoneSimulator.Deploy.0 = Release|x86
		{10EA0034-1E15-47E6-85E6-590A940233A6}.Ad-Hoc|x64.ActiveCfg = Release|x64
		{10EA0034-1E15-47E6-85E6-590A940233A6}.Ad-Hoc|x64.Build.0 = Release|x64
		{10EA0034-1E15-47E6-85E6-590A940233A6}.Ad-Hoc|x64.Deploy.0 = Release|x64
		{10EA0034-1E15-47E6-85E6-590A940233A6}.Ad-Hoc|x86.ActiveCfg = Release|x86
		{10EA0034-1E15-47E6-85E6-590A940233A6}.Ad-Hoc|x86.Build.0 = Release|x86
		{10EA0034-1E15-47E6-85E6-590A940233A6}.Ad-Hoc|x86.Deploy.0 = Release|x86
		{10EA0034-1E15-47E6-85E6-590A940233A6}.AppStore|Any CPU.ActiveCfg = Release|x86
		{10EA0034-1E15-47E6-85E6-590A940233A6}.AppStore|Any CPU.Build.0 = Release|x86
		{10EA0034-1E15-47E6-85E6-590A940233A6}.AppStore|Any CPU.Deploy.0 = Release|x86
		{10EA0034-1E15-47E6-85E6-590A940233A6}.AppStore|ARM.ActiveCfg = Release|ARM
		{10EA0034-1E15-47E6-85E6-590A940233A6}.AppStore|ARM.Build.0 = Release|ARM
		{10EA0034-1E15-47E6-85E6-590A940233A6}.AppStore|ARM.Deploy.0 = Release|ARM
		{10EA0034-1E15-47E6-85E6-590A940233A6}.AppStore|iPhone.ActiveCfg = Release|x86
		{10EA0034-1E15-47E6-85E6-590A940233A6}.AppStore|iPhone.Build.0 = Release|x86
		{10EA0034-1E15-47E6-85E6-590A940233A6}.AppStore|iPhone.Deploy.0 = Release|x86
		{10EA0034-1E15-47E6-85E6-590A940233A6}.AppStore|iPhoneSimulator.ActiveCfg = Release|x86
		{10EA0034-1E15-47E6-85E6-590A940233A6}.AppStore|iPhoneSimulator.Build.0 = Release|x86
		{10EA0034-1E15-47E6-85E6-590A940233A6}.AppStore|iPhoneSimulator.Deploy.0 = Release|x86
		{10EA0034-1E15-47E6-85E6-590A940233A6}.AppStore|x64.ActiveCfg = Release|x64
		{10EA0034-1E15-47E6-85E6-590A940233A6}.AppStore|x64.Build.0 = Release|x64
		{10EA0034-1E15-47E6-85E6-590A940233A6}.AppStore|x64.Deploy.0 = Release|x64
		{10EA0034-1E15-47E6-85E6-590A940233A6}.AppStore|x86.ActiveCfg = Release|x86
		{10EA0034-1E15-47E6-85E6-590A940233A6}.AppStore|x86.Build.0 = Release|x86
		{10EA0034-1E15-47E6-85E6-590A940233A6}.AppStore|x86.Deploy.0 = Release|x86
		{10EA0034-1E15-47E6-85E6-590A940233A6}.Debug|Any CPU.ActiveCfg = Debug|x86
		{10EA0034-1E15-47E6-85E6-590A940233A6}.Debug|ARM.ActiveCfg = Debug|ARM
		{10EA0034-1E15-47E6-85E6-590A940233A6}.Debug|ARM.Build.0 = Debug|ARM
		{10EA0034-1E15-47E6-85E6-590A940233A6}.Debug|ARM.Deploy.0 = Debug|ARM
		{10EA0034-1E15-47E6-85E6-590A940233A6}.Debug|iPhone.ActiveCfg = Debug|x86
		{10EA0034-1E15-47E6-85E6-590A940233A6}.Debug|iPhoneSimulator.ActiveCfg = Debug|x86
		{10EA0034-1E15-47E6-85E6-590A940233A6}.Debug|x64.ActiveCfg = Debug|x64
		{10EA0034-1E15-47E6-85E6-590A940233A6}.Debug|x64.Build.0 = Debug|x64
		{10EA0034-1E15-47E6-85E6-590A940233A6}.Debug|x64.Deploy.0 = Debug|x64
		{10EA0034-1E15-47E6-85E6-590A940233A6}.Debug|x86.ActiveCfg = Debug|x86
		{10EA0034-1E15-47E6-85E6-590A940233A6}.Debug|x86.Build.0 = Debug|x86
		{10EA0034-1E15-47E6-85E6-590A940233A6}.Debug|x86.Deploy.0 = Debug|x86
		{10EA0034-1E15-47E6-85E6-590A940233A6}.Release|Any CPU.ActiveCfg = Release|x86
		{10EA0034-1E15-47E6-85E6-590A940233A6}.Release|ARM.ActiveCfg = Release|ARM
		{10EA0034-1E15-47E6-85E6-590A940233A6}.Release|ARM.Build.0 = Release|ARM
		{10EA0034-1E15-47E6-85E6-590A940233A6}.Release|ARM.Deploy.0 = Release|ARM
		{10EA0034-1E15-47E6-85E6-590A940233A6}.Release|iPhone.ActiveCfg = Release|x86
		{10EA0034-1E15-47E6-85E6-590A940233A6}.Release|iPhoneSimulator.ActiveCfg = Release|x86
		{10EA0034-1E15-47E6-85E6-590A940233A6}.Release|x64.ActiveCfg = Release|x64
		{10EA0034-1E15-47E6-85E6-590A940233A6}.Release|x64.Build.0 = Release|x64
		{10EA0034-1E15-47E6-85E6-590A940233A6}.Release|x64.Deploy.0 = Release|x64
		{10EA0034-1E15-47E6-85E6-590A940233A6}.Release|x86.ActiveCfg = Release|x86
		{10EA0034-1E15-47E6-85E6-590A940233A6}.Release|x86.Build.0 = Release|x86
		{10EA0034-1E15-47E6-85E6-590A940233A6}.Release|x86.Deploy.0 = Release|x86
		{88416347-8D16-414C-8F60-3566CA2D1ADB}.Ad-Hoc|Any CPU.ActiveCfg = Debug|Any CPU
		{88416347-8D16-414C-8F60-3566CA2D1ADB}.Ad-Hoc|Any CPU.Build.0 = Debug|Any CPU
		{88416347-8D16-414C-8F60-3566CA2D1ADB}.Ad-Hoc|ARM.ActiveCfg = Debug|Any CPU
		{88416347-8D16-414C-8F60-3566CA2D1ADB}.Ad-Hoc|ARM.Build.0 = Debug|Any CPU
		{88416347-8D16-414C-8F60-3566CA2D1ADB}.Ad-Hoc|iPhone.ActiveCfg = Debug|Any CPU
		{88416347-8D16-414C-8F60-3566CA2D1ADB}.Ad-Hoc|iPhone.Build.0 = Debug|Any CPU
		{88416347-8D16-414C-8F60-3566CA2D1ADB}.Ad-Hoc|iPhoneSimulator.ActiveCfg = Debug|Any CPU
		{88416347-8D16-414C-8F60-3566CA2D1ADB}.Ad-Hoc|iPhoneSimulator.Build.0 = Debug|Any CPU
		{88416347-8D16-414C-8F60-3566CA2D1ADB}.Ad-Hoc|x64.ActiveCfg = Debug|Any CPU
		{88416347-8D16-414C-8F60-3566CA2D1ADB}.Ad-Hoc|x64.Build.0 = Debug|Any CPU
		{88416347-8D16-414C-8F60-3566CA2D1ADB}.Ad-Hoc|x86.ActiveCfg = Debug|Any CPU
		{88416347-8D16-414C-8F60-3566CA2D1ADB}.Ad-Hoc|x86.Build.0 = Debug|Any CPU
		{88416347-8D16-414C-8F60-3566CA2D1ADB}.AppStore|Any CPU.ActiveCfg = Debug|Any CPU
		{88416347-8D16-414C-8F60-3566CA2D1ADB}.AppStore|Any CPU.Build.0 = Debug|Any CPU
		{88416347-8D16-414C-8F60-3566CA2D1ADB}.AppStore|ARM.ActiveCfg = Debug|Any CPU
		{88416347-8D16-414C-8F60-3566CA2D1ADB}.AppStore|ARM.Build.0 = Debug|Any CPU
		{88416347-8D16-414C-8F60-3566CA2D1ADB}.AppStore|iPhone.ActiveCfg = Debug|Any CPU
		{88416347-8D16-414C-8F60-3566CA2D1ADB}.AppStore|iPhone.Build.0 = Debug|Any CPU
		{88416347-8D16-414C-8F60-3566CA2D1ADB}.AppStore|iPhoneSimulator.ActiveCfg = Debug|Any CPU
		{88416347-8D16-414C-8F60-3566CA2D1ADB}.AppStore|iPhoneSimulator.Build.0 = Debug|Any CPU
		{88416347-8D16-414C-8F60-3566CA2D1ADB}.AppStore|x64.ActiveCfg = Debug|Any CPU
		{88416347-8D16-414C-8F60-3566CA2D1ADB}.AppStore|x64.Build.0 = Debug|Any CPU
		{88416347-8D16-414C-8F60-3566CA2D1ADB}.AppStore|x86.ActiveCfg = Debug|Any CPU
		{88416347-8D16-414C-8F60-3566CA2D1ADB}.AppStore|x86.Build.0 = Debug|Any CPU
		{88416347-8D16-414C-8F60-3566CA2D1ADB}.Debug|Any CPU.ActiveCfg = Debug|Any CPU
		{88416347-8D16-414C-8F60-3566CA2D1ADB}.Debug|Any CPU.Build.0 = Debug|Any CPU
		{88416347-8D16-414C-8F60-3566CA2D1ADB}.Debug|ARM.ActiveCfg = Debug|Any CPU
		{88416347-8D16-414C-8F60-3566CA2D1ADB}.Debug|ARM.Build.0 = Debug|Any CPU
		{88416347-8D16-414C-8F60-3566CA2D1ADB}.Debug|iPhone.ActiveCfg = Debug|Any CPU
		{88416347-8D16-414C-8F60-3566CA2D1ADB}.Debug|iPhone.Build.0 = Debug|Any CPU
		{88416347-8D16-414C-8F60-3566CA2D1ADB}.Debug|iPhoneSimulator.ActiveCfg = Debug|Any CPU
		{88416347-8D16-414C-8F60-3566CA2D1ADB}.Debug|iPhoneSimulator.Build.0 = Debug|Any CPU
		{88416347-8D16-414C-8F60-3566CA2D1ADB}.Debug|x64.ActiveCfg = Debug|Any CPU
		{88416347-8D16-414C-8F60-3566CA2D1ADB}.Debug|x64.Build.0 = Debug|Any CPU
		{88416347-8D16-414C-8F60-3566CA2D1ADB}.Debug|x86.ActiveCfg = Debug|Any CPU
		{88416347-8D16-414C-8F60-3566CA2D1ADB}.Debug|x86.Build.0 = Debug|Any CPU
		{88416347-8D16-414C-8F60-3566CA2D1ADB}.Release|Any CPU.ActiveCfg = Release|Any CPU
		{88416347-8D16-414C-8F60-3566CA2D1ADB}.Release|Any CPU.Build.0 = Release|Any CPU
		{88416347-8D16-414C-8F60-3566CA2D1ADB}.Release|ARM.ActiveCfg = Release|Any CPU
		{88416347-8D16-414C-8F60-3566CA2D1ADB}.Release|ARM.Build.0 = Release|Any CPU
		{88416347-8D16-414C-8F60-3566CA2D1ADB}.Release|iPhone.ActiveCfg = Release|Any CPU
		{88416347-8D16-414C-8F60-3566CA2D1ADB}.Release|iPhone.Build.0 = Release|Any CPU
		{88416347-8D16-414C-8F60-3566CA2D1ADB}.Release|iPhoneSimulator.ActiveCfg = Release|Any CPU
		{88416347-8D16-414C-8F60-3566CA2D1ADB}.Release|iPhoneSimulator.Build.0 = Release|Any CPU
		{88416347-8D16-414C-8F60-3566CA2D1ADB}.Release|x64.ActiveCfg = Release|Any CPU
		{88416347-8D16-414C-8F60-3566CA2D1ADB}.Release|x64.Build.0 = Release|Any CPU
		{88416347-8D16-414C-8F60-3566CA2D1ADB}.Release|x86.ActiveCfg = Release|Any CPU
		{88416347-8D16-414C-8F60-3566CA2D1ADB}.Release|x86.Build.0 = Release|Any CPU
	EndGlobalSection
	GlobalSection(SolutionProperties) = preSolution
		HideSolutionNode = FALSE
	EndGlobalSection
	GlobalSection(ExtensibilityGlobals) = postSolution
		SolutionGuid = {B1BDFCA0-5E6B-4FF1-9AC2-D4423CD7C525}
	EndGlobalSection
EndGlobal
